
Microsoft Visual Studio Solution File, Format Version 12.00
# Visual Studio 14
VisualStudioVersion = 14.0.25420.1
MinimumVisualStudioVersion = 10.0.40219.1
Project("{FAE04EC0-301F-11D3-BF4B-00C04F79EFBC}") = "withSIX.Mini.Presentation.Wpf", "SN.withSIX.Mini.Presentation.Wpf\withSIX.Mini.Presentation.Wpf.csproj", "{53EDBB19-D2AB-4F06-B830-15CEFB50CF2C}"
EndProject
Project("{FAE04EC0-301F-11D3-BF4B-00C04F79EFBC}") = "withSIX.Mini.Applications", "SN.withSIX.Mini.Applications\withSIX.Mini.Applications.csproj", "{83C185F7-79EC-47A3-98DA-07A00DFF1B42}"
EndProject
Project("{FAE04EC0-301F-11D3-BF4B-00C04F79EFBC}") = "withSIX.Core.Presentation.Resources", "SN.withSIX.Core.Presentation.Resources\withSIX.Core.Presentation.Resources.csproj", "{69CFCB4F-5E81-4DAE-ADFE-D94E63989C1C}"
EndProject
Project("{FAE04EC0-301F-11D3-BF4B-00C04F79EFBC}") = "withSIX.Mini.Infra.Data", "SN.withSIX.Mini.Infra.Data\withSIX.Mini.Infra.Data.csproj", "{A3556BC0-A306-4E26-85F2-37013E09D283}"
EndProject
Project("{FAE04EC0-301F-11D3-BF4B-00C04F79EFBC}") = "withSIX.Mini.Infra.Api", "SN.withSIX.Mini.Infra.Api\withSIX.Mini.Infra.Api.csproj", "{80C8F542-5BC1-4BBE-9C5A-0E0CA244A3F0}"
EndProject
Project("{FAE04EC0-301F-11D3-BF4B-00C04F79EFBC}") = "withSIX.Mini.Core", "SN.withSIX.Mini.Core\withSIX.Mini.Core.csproj", "{33427535-B280-4504-B1CE-02E14C086D1E}"
EndProject
Project("{FAE04EC0-301F-11D3-BF4B-00C04F79EFBC}") = "withSIX.Core", "SN.withSIX.Core\withSIX.Core.csproj", "{49CB7023-7511-41AB-8E00-91CB98667895}"
EndProject
Project("{FAE04EC0-301F-11D3-BF4B-00C04F79EFBC}") = "withSIX.Sync.Core", "SN.withSIX.Sync.Core\withSIX.Sync.Core.csproj", "{AC8C7390-6947-48EF-A717-5FDFCA799158}"
EndProject
Project("{2150E333-8FDC-42A3-9474-1A3956D46DE8}") = "1. Core", "1. Core", "{30890E9A-47CB-4724-9382-1AC3825028D4}"
EndProject
Project("{2150E333-8FDC-42A3-9474-1A3956D46DE8}") = "2. Applications", "2. Applications", "{5F569806-CD48-49F7-A5E9-285BACEF1CD1}"
EndProject
Project("{2150E333-8FDC-42A3-9474-1A3956D46DE8}") = "3. Infra", "3. Infra", "{62CDFF8C-090F-4066-8933-6E663C158D52}"
EndProject
Project("{2150E333-8FDC-42A3-9474-1A3956D46DE8}") = "3. Presentation", "3. Presentation", "{10FB421A-9FD0-4C67-BCB7-79409926533D}"
EndProject
Project("{2150E333-8FDC-42A3-9474-1A3956D46DE8}") = "3. Tests", "3. Tests", "{EEE093F1-33CD-445B-B311-FA04166D4B23}"
EndProject
Project("{2150E333-8FDC-42A3-9474-1A3956D46DE8}") = "3. Plugins", "3. Plugins", "{F603012F-9B8E-4E3D-AC1F-F98C495E3944}"
EndProject
Project("{FAE04EC0-301F-11D3-BF4B-00C04F79EFBC}") = "withSIX.Mini.Plugin.GTA", "SN.withSIX.Mini.Plugin.GTA\withSIX.Mini.Plugin.GTA.csproj", "{5A250859-12A8-4F9F-8A76-41BB1CB1E082}"
EndProject
Project("{FAE04EC0-301F-11D3-BF4B-00C04F79EFBC}") = "withSIX.Core.Applications", "SN.withSIX.Core.Applications\withSIX.Core.Applications.csproj", "{B7406381-1D29-4E9B-851E-D086C29C34E4}"
EndProject
Project("{FAE04EC0-301F-11D3-BF4B-00C04F79EFBC}") = "withSIX.Core.Applications.MVVM", "SN.withSIX.Core.Applications.MVVM\withSIX.Core.Applications.MVVM.csproj", "{C932F21F-0324-43EE-BBD2-CA7F0E9526C0}"
EndProject
Project("{FAE04EC0-301F-11D3-BF4B-00C04F79EFBC}") = "withSIX.Core.Infra", "SN.withSIX.Core.Infra\withSIX.Core.Infra.csproj", "{131B6A51-5385-4FEE-9E91-2911C936D200}"
EndProject
Project("{FAE04EC0-301F-11D3-BF4B-00C04F79EFBC}") = "withSIX.Core.Presentation", "SN.withSIX.Core.Presentation\withSIX.Core.Presentation.csproj", "{8E91E487-AB3C-4160-A4BE-18E442664AA5}"
EndProject
Project("{FAE04EC0-301F-11D3-BF4B-00C04F79EFBC}") = "withSIX.Core.Presentation.Wpf", "SN.withSIX.Core.Presentation.Wpf\withSIX.Core.Presentation.Wpf.csproj", "{1E5D42D2-CB1F-4450-8B47-8FA8EB12C92A}"
EndProject
Project("{FAE04EC0-301F-11D3-BF4B-00C04F79EFBC}") = "withSIX.ContentEngine.Core", "SN.withSIX.ContentEngine.Core\withSIX.ContentEngine.Core.csproj", "{20290456-E7CD-4B44-ACEA-A9F4B5B55367}"
EndProject
Project("{FAE04EC0-301F-11D3-BF4B-00C04F79EFBC}") = "withSIX.ContentEngine.Infra", "SN.withSIX.ContentEngine.Infra\withSIX.ContentEngine.Infra.csproj", "{D3D354E1-919F-4135-9496-ACD2C39806D3}"
EndProject
Project("{FAE04EC0-301F-11D3-BF4B-00C04F79EFBC}") = "withSIX.Mini.Plugin.Arma", "SN.withSIX.Mini.Plugin.Arma\withSIX.Mini.Plugin.Arma.csproj", "{8CACA11D-F26B-4D9A-8FDD-4CAE9133813E}"
EndProject
Project("{FAE04EC0-301F-11D3-BF4B-00C04F79EFBC}") = "withSIX.Mini.Plugin.Homeworld", "SN.withSIX.Mini.Plugin.Homeworld\withSIX.Mini.Plugin.Homeworld.csproj", "{F711C10C-1E23-4EE2-8C26-4524D7D468F1}"
EndProject
Project("{FAE04EC0-301F-11D3-BF4B-00C04F79EFBC}") = "withSIX.Mini.Plugin.Kerbal", "SN.withSIX.Mini.Plugin.Kerbal\withSIX.Mini.Plugin.Kerbal.csproj", "{C048FE9D-CE82-456B-933F-51DD5D7318F0}"
EndProject
Project("{2150E333-8FDC-42A3-9474-1A3956D46DE8}") = "Solution Items", "Solution Items", "{73542228-9692-4657-B75B-EA8FFEF55960}"
EndProject
Project("{FAE04EC0-301F-11D3-BF4B-00C04F79EFBC}") = "withSIX.Mini.Plugin.Witcher3", "SN.withSIX.Mini.Plugin.Witcher3\withSIX.Mini.Plugin.Witcher3.csproj", "{8A5BB322-D0FD-4FC3-B2FA-4ED1ECCC089D}"
EndProject
Project("{FAE04EC0-301F-11D3-BF4B-00C04F79EFBC}") = "GeoIP", "GeoIP\GeoIP.csproj", "{A041945D-1251-4799-9E31-66EE924761AB}"
EndProject
Project("{FAE04EC0-301F-11D3-BF4B-00C04F79EFBC}") = "withSIX.Mini.Presentation.Shell", "SN.withSIX.Mini.Presentation.Shell\withSIX.Mini.Presentation.Shell.csproj", "{956504FB-6CAE-4857-8802-D6C24336EC15}"
EndProject
Project("{FAE04EC0-301F-11D3-BF4B-00C04F79EFBC}") = "withSIX.Mini.Applications.MVVM", "SN.withSIX.Mini.Applications.MVVM\withSIX.Mini.Applications.MVVM.csproj", "{D9525060-5D5C-4B28-A593-147D75F0680C}"
EndProject
Project("{FAE04EC0-301F-11D3-BF4B-00C04F79EFBC}") = "withSIX.Mini.Presentation.Electron", "SN.withSIX.Mini.Presentation.Electron\withSIX.Mini.Presentation.Electron.csproj", "{F9E3D288-2AA7-48BA-B99B-4EAE4283AC34}"
EndProject
Project("{FAE04EC0-301F-11D3-BF4B-00C04F79EFBC}") = "withSIX.Mini.Presentation.Core", "SN.withSIX.Mini.Presentation.Core\withSIX.Mini.Presentation.Core.csproj", "{0C58D0AE-6B3A-45B9-8D8F-69226EC2F5B8}"
EndProject
Project("{FAE04EC0-301F-11D3-BF4B-00C04F79EFBC}") = "withSIX.Mini.Tests", "SN.withSIX.Mini.Tests\withSIX.Mini.Tests.csproj", "{B192ED09-12B2-4898-9622-6967A9158F78}"
EndProject
Project("{FAE04EC0-301F-11D3-BF4B-00C04F79EFBC}") = "withSIX.Mini.Plugin.Stellaris", "SN.withSIX.Mini.Plugin.Stellaris\withSIX.Mini.Plugin.Stellaris.csproj", "{14361088-C7FB-41DA-BA1F-7420D40E8A99}"
EndProject
Project("{FAE04EC0-301F-11D3-BF4B-00C04F79EFBC}") = "withSIX.Mini.Plugin.Starbound", "SN.withSIX.Mini.Plugin.Starbound\withSIX.Mini.Plugin.Starbound.csproj", "{E58AEEB7-EA2A-4BED-850A-357BB019E218}"
EndProject
Project("{FAE04EC0-301F-11D3-BF4B-00C04F79EFBC}") = "withSIX.Steam.Core", "SN.withSIX.Steam.Core\withSIX.Steam.Core.csproj", "{7AA7DA2C-BE4F-4472-B929-37B8284987B3}"
EndProject
Project("{FAE04EC0-301F-11D3-BF4B-00C04F79EFBC}") = "withSIX.Mini.Plugin.CE", "SN.withSIX.Mini.Plugin.CE\withSIX.Mini.Plugin.CE.csproj", "{E649BADD-E3DC-4DCE-A7C7-BBB2612255EF}"
EndProject
Project("{FAE04EC0-301F-11D3-BF4B-00C04F79EFBC}") = "withSIX.Steam.Api", "SN.withSIX.Steam.Api\withSIX.Steam.Api.csproj", "{FEDE9EBC-C0A2-49C7-A780-4A44544508B8}"
EndProject
Project("{FAE04EC0-301F-11D3-BF4B-00C04F79EFBC}") = "withSIX.Steam.Presentation", "SN.withSIX.Steam.Presentation\withSIX.Steam.Presentation.csproj", "{6580BD2F-3745-4C20-996E-1B12FFC7B242}"
EndProject
Project("{FAE04EC0-301F-11D3-BF4B-00C04F79EFBC}") = "withSIX.Mini.Plugin.NMS", "SN.withSIX.Mini.Plugin.NMS\withSIX.Mini.Plugin.NMS.csproj", "{A76A5640-CAFD-4F80-9CC8-DD136618FBCB}"
EndProject
Project("{FAE04EC0-301F-11D3-BF4B-00C04F79EFBC}") = "withSIX.Mini.Plugin.Firaxis", "SN.withSIX.Mini.Plugin.Firaxis\withSIX.Mini.Plugin.Firaxis.csproj", "{D94020B4-8CB9-4E1E-9211-5780E74676B7}"
EndProject
Project("{FAE04EC0-301F-11D3-BF4B-00C04F79EFBC}") = "GameServerQuery", "GameServerQuery\GameServerQuery.csproj", "{809F10CD-988D-475A-8D5A-7FD17938053E}"
EndProject
Project("{FAE04EC0-301F-11D3-BF4B-00C04F79EFBC}") = "withSIX.Steam.Plugin.Arma", "SN.withSIX.Mini.Plugin.Arma.Steam\withSIX.Steam.Plugin.Arma.csproj", "{15F23CBC-F6A0-4813-8C82-C2706E899C96}"
EndProject
Global
	GlobalSection(SolutionConfigurationPlatforms) = preSolution
		Debug Staging|Any CPU = Debug Staging|Any CPU
		Debug Staging|x86 = Debug Staging|x86
		Debug|Any CPU = Debug|Any CPU
		Debug|x86 = Debug|x86
		Release|Any CPU = Release|Any CPU
		Release|x86 = Release|x86
		Test|Any CPU = Test|Any CPU
		Test|x86 = Test|x86
	EndGlobalSection
	GlobalSection(ProjectConfigurationPlatforms) = postSolution
		{53EDBB19-D2AB-4F06-B830-15CEFB50CF2C}.Debug Staging|Any CPU.ActiveCfg = Debug|Any CPU
		{53EDBB19-D2AB-4F06-B830-15CEFB50CF2C}.Debug Staging|Any CPU.Build.0 = Debug|Any CPU
		{53EDBB19-D2AB-4F06-B830-15CEFB50CF2C}.Debug Staging|x86.ActiveCfg = Debug|Any CPU
		{53EDBB19-D2AB-4F06-B830-15CEFB50CF2C}.Debug|Any CPU.ActiveCfg = Debug|Any CPU
		{53EDBB19-D2AB-4F06-B830-15CEFB50CF2C}.Debug|Any CPU.Build.0 = Debug|Any CPU
		{53EDBB19-D2AB-4F06-B830-15CEFB50CF2C}.Debug|x86.ActiveCfg = Debug|Any CPU
		{53EDBB19-D2AB-4F06-B830-15CEFB50CF2C}.Release|Any CPU.ActiveCfg = Release|Any CPU
		{53EDBB19-D2AB-4F06-B830-15CEFB50CF2C}.Release|Any CPU.Build.0 = Release|Any CPU
		{53EDBB19-D2AB-4F06-B830-15CEFB50CF2C}.Release|x86.ActiveCfg = Release|Any CPU
		{53EDBB19-D2AB-4F06-B830-15CEFB50CF2C}.Test|Any CPU.ActiveCfg = Release|Any CPU
		{53EDBB19-D2AB-4F06-B830-15CEFB50CF2C}.Test|Any CPU.Build.0 = Release|Any CPU
		{53EDBB19-D2AB-4F06-B830-15CEFB50CF2C}.Test|x86.ActiveCfg = Release|Any CPU
		{83C185F7-79EC-47A3-98DA-07A00DFF1B42}.Debug Staging|Any CPU.ActiveCfg = Debug|Any CPU
		{83C185F7-79EC-47A3-98DA-07A00DFF1B42}.Debug Staging|Any CPU.Build.0 = Debug|Any CPU
		{83C185F7-79EC-47A3-98DA-07A00DFF1B42}.Debug Staging|x86.ActiveCfg = Debug|Any CPU
		{83C185F7-79EC-47A3-98DA-07A00DFF1B42}.Debug|Any CPU.ActiveCfg = Debug|Any CPU
		{83C185F7-79EC-47A3-98DA-07A00DFF1B42}.Debug|Any CPU.Build.0 = Debug|Any CPU
		{83C185F7-79EC-47A3-98DA-07A00DFF1B42}.Debug|x86.ActiveCfg = Debug|Any CPU
		{83C185F7-79EC-47A3-98DA-07A00DFF1B42}.Release|Any CPU.ActiveCfg = Release|Any CPU
		{83C185F7-79EC-47A3-98DA-07A00DFF1B42}.Release|Any CPU.Build.0 = Release|Any CPU
		{83C185F7-79EC-47A3-98DA-07A00DFF1B42}.Release|x86.ActiveCfg = Release|Any CPU
		{83C185F7-79EC-47A3-98DA-07A00DFF1B42}.Test|Any CPU.ActiveCfg = Release|Any CPU
		{83C185F7-79EC-47A3-98DA-07A00DFF1B42}.Test|Any CPU.Build.0 = Release|Any CPU
		{83C185F7-79EC-47A3-98DA-07A00DFF1B42}.Test|x86.ActiveCfg = Release|Any CPU
		{69CFCB4F-5E81-4DAE-ADFE-D94E63989C1C}.Debug Staging|Any CPU.ActiveCfg = Debug|Any CPU
		{69CFCB4F-5E81-4DAE-ADFE-D94E63989C1C}.Debug Staging|Any CPU.Build.0 = Debug|Any CPU
		{69CFCB4F-5E81-4DAE-ADFE-D94E63989C1C}.Debug Staging|x86.ActiveCfg = Debug|Any CPU
		{69CFCB4F-5E81-4DAE-ADFE-D94E63989C1C}.Debug Staging|x86.Build.0 = Debug|Any CPU
		{69CFCB4F-5E81-4DAE-ADFE-D94E63989C1C}.Debug|Any CPU.ActiveCfg = Debug|Any CPU
		{69CFCB4F-5E81-4DAE-ADFE-D94E63989C1C}.Debug|Any CPU.Build.0 = Debug|Any CPU
		{69CFCB4F-5E81-4DAE-ADFE-D94E63989C1C}.Debug|x86.ActiveCfg = Debug|Any CPU
		{69CFCB4F-5E81-4DAE-ADFE-D94E63989C1C}.Release|Any CPU.ActiveCfg = Release|Any CPU
		{69CFCB4F-5E81-4DAE-ADFE-D94E63989C1C}.Release|Any CPU.Build.0 = Release|Any CPU
		{69CFCB4F-5E81-4DAE-ADFE-D94E63989C1C}.Release|x86.ActiveCfg = Release|Any CPU
		{69CFCB4F-5E81-4DAE-ADFE-D94E63989C1C}.Test|Any CPU.ActiveCfg = Release|Any CPU
		{69CFCB4F-5E81-4DAE-ADFE-D94E63989C1C}.Test|Any CPU.Build.0 = Release|Any CPU
		{69CFCB4F-5E81-4DAE-ADFE-D94E63989C1C}.Test|x86.ActiveCfg = Release|Any CPU
		{69CFCB4F-5E81-4DAE-ADFE-D94E63989C1C}.Test|x86.Build.0 = Release|Any CPU
		{A3556BC0-A306-4E26-85F2-37013E09D283}.Debug Staging|Any CPU.ActiveCfg = Debug|Any CPU
		{A3556BC0-A306-4E26-85F2-37013E09D283}.Debug Staging|Any CPU.Build.0 = Debug|Any CPU
		{A3556BC0-A306-4E26-85F2-37013E09D283}.Debug Staging|x86.ActiveCfg = Debug|Any CPU
		{A3556BC0-A306-4E26-85F2-37013E09D283}.Debug Staging|x86.Build.0 = Debug|Any CPU
		{A3556BC0-A306-4E26-85F2-37013E09D283}.Debug|Any CPU.ActiveCfg = Debug|Any CPU
		{A3556BC0-A306-4E26-85F2-37013E09D283}.Debug|Any CPU.Build.0 = Debug|Any CPU
		{A3556BC0-A306-4E26-85F2-37013E09D283}.Debug|x86.ActiveCfg = Debug|Any CPU
		{A3556BC0-A306-4E26-85F2-37013E09D283}.Debug|x86.Build.0 = Debug|Any CPU
		{A3556BC0-A306-4E26-85F2-37013E09D283}.Release|Any CPU.ActiveCfg = Release|Any CPU
		{A3556BC0-A306-4E26-85F2-37013E09D283}.Release|Any CPU.Build.0 = Release|Any CPU
		{A3556BC0-A306-4E26-85F2-37013E09D283}.Release|x86.ActiveCfg = Release|Any CPU
		{A3556BC0-A306-4E26-85F2-37013E09D283}.Release|x86.Build.0 = Release|Any CPU
		{A3556BC0-A306-4E26-85F2-37013E09D283}.Test|Any CPU.ActiveCfg = Release|Any CPU
		{A3556BC0-A306-4E26-85F2-37013E09D283}.Test|Any CPU.Build.0 = Release|Any CPU
		{A3556BC0-A306-4E26-85F2-37013E09D283}.Test|x86.ActiveCfg = Release|Any CPU
		{A3556BC0-A306-4E26-85F2-37013E09D283}.Test|x86.Build.0 = Release|Any CPU
		{80C8F542-5BC1-4BBE-9C5A-0E0CA244A3F0}.Debug Staging|Any CPU.ActiveCfg = Debug|Any CPU
		{80C8F542-5BC1-4BBE-9C5A-0E0CA244A3F0}.Debug Staging|Any CPU.Build.0 = Debug|Any CPU
		{80C8F542-5BC1-4BBE-9C5A-0E0CA244A3F0}.Debug Staging|x86.ActiveCfg = Debug|Any CPU
		{80C8F542-5BC1-4BBE-9C5A-0E0CA244A3F0}.Debug Staging|x86.Build.0 = Debug|Any CPU
		{80C8F542-5BC1-4BBE-9C5A-0E0CA244A3F0}.Debug|Any CPU.ActiveCfg = Debug|Any CPU
		{80C8F542-5BC1-4BBE-9C5A-0E0CA244A3F0}.Debug|Any CPU.Build.0 = Debug|Any CPU
		{80C8F542-5BC1-4BBE-9C5A-0E0CA244A3F0}.Debug|x86.ActiveCfg = Debug|Any CPU
		{80C8F542-5BC1-4BBE-9C5A-0E0CA244A3F0}.Debug|x86.Build.0 = Debug|Any CPU
		{80C8F542-5BC1-4BBE-9C5A-0E0CA244A3F0}.Release|Any CPU.ActiveCfg = Release|Any CPU
		{80C8F542-5BC1-4BBE-9C5A-0E0CA244A3F0}.Release|Any CPU.Build.0 = Release|Any CPU
		{80C8F542-5BC1-4BBE-9C5A-0E0CA244A3F0}.Release|x86.ActiveCfg = Release|Any CPU
		{80C8F542-5BC1-4BBE-9C5A-0E0CA244A3F0}.Release|x86.Build.0 = Release|Any CPU
		{80C8F542-5BC1-4BBE-9C5A-0E0CA244A3F0}.Test|Any CPU.ActiveCfg = Release|Any CPU
		{80C8F542-5BC1-4BBE-9C5A-0E0CA244A3F0}.Test|Any CPU.Build.0 = Release|Any CPU
		{80C8F542-5BC1-4BBE-9C5A-0E0CA244A3F0}.Test|x86.ActiveCfg = Release|Any CPU
		{80C8F542-5BC1-4BBE-9C5A-0E0CA244A3F0}.Test|x86.Build.0 = Release|Any CPU
		{33427535-B280-4504-B1CE-02E14C086D1E}.Debug Staging|Any CPU.ActiveCfg = Debug|Any CPU
		{33427535-B280-4504-B1CE-02E14C086D1E}.Debug Staging|Any CPU.Build.0 = Debug|Any CPU
		{33427535-B280-4504-B1CE-02E14C086D1E}.Debug Staging|x86.ActiveCfg = Debug|Any CPU
		{33427535-B280-4504-B1CE-02E14C086D1E}.Debug Staging|x86.Build.0 = Debug|Any CPU
		{33427535-B280-4504-B1CE-02E14C086D1E}.Debug|Any CPU.ActiveCfg = Debug|Any CPU
		{33427535-B280-4504-B1CE-02E14C086D1E}.Debug|Any CPU.Build.0 = Debug|Any CPU
		{33427535-B280-4504-B1CE-02E14C086D1E}.Debug|x86.ActiveCfg = Debug|Any CPU
		{33427535-B280-4504-B1CE-02E14C086D1E}.Debug|x86.Build.0 = Debug|Any CPU
		{33427535-B280-4504-B1CE-02E14C086D1E}.Release|Any CPU.ActiveCfg = Release|Any CPU
		{33427535-B280-4504-B1CE-02E14C086D1E}.Release|Any CPU.Build.0 = Release|Any CPU
		{33427535-B280-4504-B1CE-02E14C086D1E}.Release|x86.ActiveCfg = Release|Any CPU
		{33427535-B280-4504-B1CE-02E14C086D1E}.Release|x86.Build.0 = Release|Any CPU
		{33427535-B280-4504-B1CE-02E14C086D1E}.Test|Any CPU.ActiveCfg = Release|Any CPU
		{33427535-B280-4504-B1CE-02E14C086D1E}.Test|Any CPU.Build.0 = Release|Any CPU
		{33427535-B280-4504-B1CE-02E14C086D1E}.Test|x86.ActiveCfg = Release|Any CPU
		{33427535-B280-4504-B1CE-02E14C086D1E}.Test|x86.Build.0 = Release|Any CPU
		{49CB7023-7511-41AB-8E00-91CB98667895}.Debug Staging|Any CPU.ActiveCfg = Debug|Any CPU
		{49CB7023-7511-41AB-8E00-91CB98667895}.Debug Staging|Any CPU.Build.0 = Debug|Any CPU
		{49CB7023-7511-41AB-8E00-91CB98667895}.Debug Staging|x86.ActiveCfg = Debug|Any CPU
		{49CB7023-7511-41AB-8E00-91CB98667895}.Debug Staging|x86.Build.0 = Debug|Any CPU
		{49CB7023-7511-41AB-8E00-91CB98667895}.Debug|Any CPU.ActiveCfg = Debug|Any CPU
		{49CB7023-7511-41AB-8E00-91CB98667895}.Debug|Any CPU.Build.0 = Debug|Any CPU
		{49CB7023-7511-41AB-8E00-91CB98667895}.Debug|x86.ActiveCfg = Debug|Any CPU
		{49CB7023-7511-41AB-8E00-91CB98667895}.Debug|x86.Build.0 = Debug|Any CPU
		{49CB7023-7511-41AB-8E00-91CB98667895}.Release|Any CPU.ActiveCfg = Release|Any CPU
		{49CB7023-7511-41AB-8E00-91CB98667895}.Release|Any CPU.Build.0 = Release|Any CPU
		{49CB7023-7511-41AB-8E00-91CB98667895}.Release|x86.ActiveCfg = Release|Any CPU
		{49CB7023-7511-41AB-8E00-91CB98667895}.Release|x86.Build.0 = Release|Any CPU
		{49CB7023-7511-41AB-8E00-91CB98667895}.Test|Any CPU.ActiveCfg = Release|Any CPU
		{49CB7023-7511-41AB-8E00-91CB98667895}.Test|Any CPU.Build.0 = Release|Any CPU
		{49CB7023-7511-41AB-8E00-91CB98667895}.Test|x86.ActiveCfg = Release|Any CPU
		{49CB7023-7511-41AB-8E00-91CB98667895}.Test|x86.Build.0 = Release|Any CPU
		{AC8C7390-6947-48EF-A717-5FDFCA799158}.Debug Staging|Any CPU.ActiveCfg = Debug|Any CPU
		{AC8C7390-6947-48EF-A717-5FDFCA799158}.Debug Staging|Any CPU.Build.0 = Debug|Any CPU
		{AC8C7390-6947-48EF-A717-5FDFCA799158}.Debug Staging|x86.ActiveCfg = Debug|Any CPU
		{AC8C7390-6947-48EF-A717-5FDFCA799158}.Debug Staging|x86.Build.0 = Debug|Any CPU
		{AC8C7390-6947-48EF-A717-5FDFCA799158}.Debug|Any CPU.ActiveCfg = Debug|Any CPU
		{AC8C7390-6947-48EF-A717-5FDFCA799158}.Debug|Any CPU.Build.0 = Debug|Any CPU
		{AC8C7390-6947-48EF-A717-5FDFCA799158}.Debug|x86.ActiveCfg = Debug|Any CPU
		{AC8C7390-6947-48EF-A717-5FDFCA799158}.Debug|x86.Build.0 = Debug|Any CPU
		{AC8C7390-6947-48EF-A717-5FDFCA799158}.Release|Any CPU.ActiveCfg = Release|Any CPU
		{AC8C7390-6947-48EF-A717-5FDFCA799158}.Release|Any CPU.Build.0 = Release|Any CPU
		{AC8C7390-6947-48EF-A717-5FDFCA799158}.Release|x86.ActiveCfg = Release|Any CPU
		{AC8C7390-6947-48EF-A717-5FDFCA799158}.Release|x86.Build.0 = Release|Any CPU
		{AC8C7390-6947-48EF-A717-5FDFCA799158}.Test|Any CPU.ActiveCfg = Release|Any CPU
		{AC8C7390-6947-48EF-A717-5FDFCA799158}.Test|Any CPU.Build.0 = Release|Any CPU
		{AC8C7390-6947-48EF-A717-5FDFCA799158}.Test|x86.ActiveCfg = Release|Any CPU
		{AC8C7390-6947-48EF-A717-5FDFCA799158}.Test|x86.Build.0 = Release|Any CPU
		{5A250859-12A8-4F9F-8A76-41BB1CB1E082}.Debug Staging|Any CPU.ActiveCfg = Debug|Any CPU
		{5A250859-12A8-4F9F-8A76-41BB1CB1E082}.Debug Staging|Any CPU.Build.0 = Debug|Any CPU
		{5A250859-12A8-4F9F-8A76-41BB1CB1E082}.Debug Staging|x86.ActiveCfg = Debug|Any CPU
		{5A250859-12A8-4F9F-8A76-41BB1CB1E082}.Debug Staging|x86.Build.0 = Debug|Any CPU
		{5A250859-12A8-4F9F-8A76-41BB1CB1E082}.Debug|Any CPU.ActiveCfg = Debug|Any CPU
		{5A250859-12A8-4F9F-8A76-41BB1CB1E082}.Debug|Any CPU.Build.0 = Debug|Any CPU
		{5A250859-12A8-4F9F-8A76-41BB1CB1E082}.Debug|x86.ActiveCfg = Debug|Any CPU
		{5A250859-12A8-4F9F-8A76-41BB1CB1E082}.Debug|x86.Build.0 = Debug|Any CPU
		{5A250859-12A8-4F9F-8A76-41BB1CB1E082}.Release|Any CPU.ActiveCfg = Release|Any CPU
		{5A250859-12A8-4F9F-8A76-41BB1CB1E082}.Release|Any CPU.Build.0 = Release|Any CPU
		{5A250859-12A8-4F9F-8A76-41BB1CB1E082}.Release|x86.ActiveCfg = Release|Any CPU
		{5A250859-12A8-4F9F-8A76-41BB1CB1E082}.Release|x86.Build.0 = Release|Any CPU
		{5A250859-12A8-4F9F-8A76-41BB1CB1E082}.Test|Any CPU.ActiveCfg = Release|Any CPU
		{5A250859-12A8-4F9F-8A76-41BB1CB1E082}.Test|Any CPU.Build.0 = Release|Any CPU
		{5A250859-12A8-4F9F-8A76-41BB1CB1E082}.Test|x86.ActiveCfg = Release|Any CPU
		{5A250859-12A8-4F9F-8A76-41BB1CB1E082}.Test|x86.Build.0 = Release|Any CPU
		{B7406381-1D29-4E9B-851E-D086C29C34E4}.Debug Staging|Any CPU.ActiveCfg = Debug|Any CPU
		{B7406381-1D29-4E9B-851E-D086C29C34E4}.Debug Staging|Any CPU.Build.0 = Debug|Any CPU
		{B7406381-1D29-4E9B-851E-D086C29C34E4}.Debug Staging|x86.ActiveCfg = Debug|Any CPU
		{B7406381-1D29-4E9B-851E-D086C29C34E4}.Debug Staging|x86.Build.0 = Debug|Any CPU
		{B7406381-1D29-4E9B-851E-D086C29C34E4}.Debug|Any CPU.ActiveCfg = Debug|Any CPU
		{B7406381-1D29-4E9B-851E-D086C29C34E4}.Debug|Any CPU.Build.0 = Debug|Any CPU
		{B7406381-1D29-4E9B-851E-D086C29C34E4}.Debug|x86.ActiveCfg = Debug|Any CPU
		{B7406381-1D29-4E9B-851E-D086C29C34E4}.Debug|x86.Build.0 = Debug|Any CPU
		{B7406381-1D29-4E9B-851E-D086C29C34E4}.Release|Any CPU.ActiveCfg = Release|Any CPU
		{B7406381-1D29-4E9B-851E-D086C29C34E4}.Release|Any CPU.Build.0 = Release|Any CPU
		{B7406381-1D29-4E9B-851E-D086C29C34E4}.Release|x86.ActiveCfg = Release|Any CPU
		{B7406381-1D29-4E9B-851E-D086C29C34E4}.Release|x86.Build.0 = Release|Any CPU
		{B7406381-1D29-4E9B-851E-D086C29C34E4}.Test|Any CPU.ActiveCfg = Release|Any CPU
		{B7406381-1D29-4E9B-851E-D086C29C34E4}.Test|Any CPU.Build.0 = Release|Any CPU
		{B7406381-1D29-4E9B-851E-D086C29C34E4}.Test|x86.ActiveCfg = Release|Any CPU
		{B7406381-1D29-4E9B-851E-D086C29C34E4}.Test|x86.Build.0 = Release|Any CPU
		{C932F21F-0324-43EE-BBD2-CA7F0E9526C0}.Debug Staging|Any CPU.ActiveCfg = Debug Staging|Any CPU
		{C932F21F-0324-43EE-BBD2-CA7F0E9526C0}.Debug Staging|Any CPU.Build.0 = Debug Staging|Any CPU
		{C932F21F-0324-43EE-BBD2-CA7F0E9526C0}.Debug Staging|x86.ActiveCfg = Debug Staging|Any CPU
		{C932F21F-0324-43EE-BBD2-CA7F0E9526C0}.Debug Staging|x86.Build.0 = Debug Staging|Any CPU
		{C932F21F-0324-43EE-BBD2-CA7F0E9526C0}.Debug|Any CPU.ActiveCfg = Debug|Any CPU
		{C932F21F-0324-43EE-BBD2-CA7F0E9526C0}.Debug|Any CPU.Build.0 = Debug|Any CPU
		{C932F21F-0324-43EE-BBD2-CA7F0E9526C0}.Debug|x86.ActiveCfg = Debug|Any CPU
		{C932F21F-0324-43EE-BBD2-CA7F0E9526C0}.Debug|x86.Build.0 = Debug|Any CPU
		{C932F21F-0324-43EE-BBD2-CA7F0E9526C0}.Release|Any CPU.ActiveCfg = Release|Any CPU
		{C932F21F-0324-43EE-BBD2-CA7F0E9526C0}.Release|Any CPU.Build.0 = Release|Any CPU
		{C932F21F-0324-43EE-BBD2-CA7F0E9526C0}.Release|x86.ActiveCfg = Release|Any CPU
		{C932F21F-0324-43EE-BBD2-CA7F0E9526C0}.Release|x86.Build.0 = Release|Any CPU
		{C932F21F-0324-43EE-BBD2-CA7F0E9526C0}.Test|Any CPU.ActiveCfg = Debug Staging|Any CPU
		{C932F21F-0324-43EE-BBD2-CA7F0E9526C0}.Test|Any CPU.Build.0 = Debug Staging|Any CPU
		{C932F21F-0324-43EE-BBD2-CA7F0E9526C0}.Test|x86.ActiveCfg = Debug Staging|Any CPU
		{C932F21F-0324-43EE-BBD2-CA7F0E9526C0}.Test|x86.Build.0 = Debug Staging|Any CPU
		{131B6A51-5385-4FEE-9E91-2911C936D200}.Debug Staging|Any CPU.ActiveCfg = Debug Staging|Any CPU
		{131B6A51-5385-4FEE-9E91-2911C936D200}.Debug Staging|Any CPU.Build.0 = Debug Staging|Any CPU
		{131B6A51-5385-4FEE-9E91-2911C936D200}.Debug Staging|x86.ActiveCfg = Debug Staging|Any CPU
		{131B6A51-5385-4FEE-9E91-2911C936D200}.Debug Staging|x86.Build.0 = Debug Staging|Any CPU
		{131B6A51-5385-4FEE-9E91-2911C936D200}.Debug|Any CPU.ActiveCfg = Debug|Any CPU
		{131B6A51-5385-4FEE-9E91-2911C936D200}.Debug|Any CPU.Build.0 = Debug|Any CPU
		{131B6A51-5385-4FEE-9E91-2911C936D200}.Debug|x86.ActiveCfg = Debug|Any CPU
		{131B6A51-5385-4FEE-9E91-2911C936D200}.Debug|x86.Build.0 = Debug|Any CPU
		{131B6A51-5385-4FEE-9E91-2911C936D200}.Release|Any CPU.ActiveCfg = Release|Any CPU
		{131B6A51-5385-4FEE-9E91-2911C936D200}.Release|Any CPU.Build.0 = Release|Any CPU
		{131B6A51-5385-4FEE-9E91-2911C936D200}.Release|x86.ActiveCfg = Release|Any CPU
		{131B6A51-5385-4FEE-9E91-2911C936D200}.Release|x86.Build.0 = Release|Any CPU
		{131B6A51-5385-4FEE-9E91-2911C936D200}.Test|Any CPU.ActiveCfg = Debug Staging|Any CPU
		{131B6A51-5385-4FEE-9E91-2911C936D200}.Test|Any CPU.Build.0 = Debug Staging|Any CPU
		{131B6A51-5385-4FEE-9E91-2911C936D200}.Test|x86.ActiveCfg = Debug Staging|Any CPU
		{131B6A51-5385-4FEE-9E91-2911C936D200}.Test|x86.Build.0 = Debug Staging|Any CPU
		{8E91E487-AB3C-4160-A4BE-18E442664AA5}.Debug Staging|Any CPU.ActiveCfg = Debug Staging|Any CPU
		{8E91E487-AB3C-4160-A4BE-18E442664AA5}.Debug Staging|Any CPU.Build.0 = Debug Staging|Any CPU
		{8E91E487-AB3C-4160-A4BE-18E442664AA5}.Debug Staging|x86.ActiveCfg = Debug Staging|Any CPU
		{8E91E487-AB3C-4160-A4BE-18E442664AA5}.Debug Staging|x86.Build.0 = Debug Staging|Any CPU
		{8E91E487-AB3C-4160-A4BE-18E442664AA5}.Debug|Any CPU.ActiveCfg = Debug|Any CPU
		{8E91E487-AB3C-4160-A4BE-18E442664AA5}.Debug|Any CPU.Build.0 = Debug|Any CPU
		{8E91E487-AB3C-4160-A4BE-18E442664AA5}.Debug|x86.ActiveCfg = Debug|Any CPU
		{8E91E487-AB3C-4160-A4BE-18E442664AA5}.Debug|x86.Build.0 = Debug|Any CPU
		{8E91E487-AB3C-4160-A4BE-18E442664AA5}.Release|Any CPU.ActiveCfg = Release|Any CPU
		{8E91E487-AB3C-4160-A4BE-18E442664AA5}.Release|Any CPU.Build.0 = Release|Any CPU
		{8E91E487-AB3C-4160-A4BE-18E442664AA5}.Release|x86.ActiveCfg = Release|Any CPU
		{8E91E487-AB3C-4160-A4BE-18E442664AA5}.Release|x86.Build.0 = Release|Any CPU
		{8E91E487-AB3C-4160-A4BE-18E442664AA5}.Test|Any CPU.ActiveCfg = Debug Staging|Any CPU
		{8E91E487-AB3C-4160-A4BE-18E442664AA5}.Test|Any CPU.Build.0 = Debug Staging|Any CPU
		{8E91E487-AB3C-4160-A4BE-18E442664AA5}.Test|x86.ActiveCfg = Debug Staging|Any CPU
		{8E91E487-AB3C-4160-A4BE-18E442664AA5}.Test|x86.Build.0 = Debug Staging|Any CPU
		{1E5D42D2-CB1F-4450-8B47-8FA8EB12C92A}.Debug Staging|Any CPU.ActiveCfg = Debug Staging|Any CPU
		{1E5D42D2-CB1F-4450-8B47-8FA8EB12C92A}.Debug Staging|Any CPU.Build.0 = Debug Staging|Any CPU
		{1E5D42D2-CB1F-4450-8B47-8FA8EB12C92A}.Debug Staging|x86.ActiveCfg = Debug Staging|x86
		{1E5D42D2-CB1F-4450-8B47-8FA8EB12C92A}.Debug Staging|x86.Build.0 = Debug Staging|x86
		{1E5D42D2-CB1F-4450-8B47-8FA8EB12C92A}.Debug|Any CPU.ActiveCfg = Debug|Any CPU
		{1E5D42D2-CB1F-4450-8B47-8FA8EB12C92A}.Debug|Any CPU.Build.0 = Debug|Any CPU
		{1E5D42D2-CB1F-4450-8B47-8FA8EB12C92A}.Debug|x86.ActiveCfg = Debug|x86
		{1E5D42D2-CB1F-4450-8B47-8FA8EB12C92A}.Debug|x86.Build.0 = Debug|x86
		{1E5D42D2-CB1F-4450-8B47-8FA8EB12C92A}.Release|Any CPU.ActiveCfg = Release|Any CPU
		{1E5D42D2-CB1F-4450-8B47-8FA8EB12C92A}.Release|Any CPU.Build.0 = Release|Any CPU
		{1E5D42D2-CB1F-4450-8B47-8FA8EB12C92A}.Release|x86.ActiveCfg = Release|x86
		{1E5D42D2-CB1F-4450-8B47-8FA8EB12C92A}.Release|x86.Build.0 = Release|x86
		{1E5D42D2-CB1F-4450-8B47-8FA8EB12C92A}.Test|Any CPU.ActiveCfg = Test|Any CPU
		{1E5D42D2-CB1F-4450-8B47-8FA8EB12C92A}.Test|Any CPU.Build.0 = Test|Any CPU
		{1E5D42D2-CB1F-4450-8B47-8FA8EB12C92A}.Test|x86.ActiveCfg = Test|x86
		{1E5D42D2-CB1F-4450-8B47-8FA8EB12C92A}.Test|x86.Build.0 = Test|x86
		{20290456-E7CD-4B44-ACEA-A9F4B5B55367}.Debug Staging|Any CPU.ActiveCfg = Debug|Any CPU
		{20290456-E7CD-4B44-ACEA-A9F4B5B55367}.Debug Staging|Any CPU.Build.0 = Debug|Any CPU
		{20290456-E7CD-4B44-ACEA-A9F4B5B55367}.Debug Staging|x86.ActiveCfg = Debug|Any CPU
		{20290456-E7CD-4B44-ACEA-A9F4B5B55367}.Debug Staging|x86.Build.0 = Debug|Any CPU
		{20290456-E7CD-4B44-ACEA-A9F4B5B55367}.Debug|Any CPU.ActiveCfg = Debug|Any CPU
		{20290456-E7CD-4B44-ACEA-A9F4B5B55367}.Debug|Any CPU.Build.0 = Debug|Any CPU
		{20290456-E7CD-4B44-ACEA-A9F4B5B55367}.Debug|x86.ActiveCfg = Debug|Any CPU
		{20290456-E7CD-4B44-ACEA-A9F4B5B55367}.Debug|x86.Build.0 = Debug|Any CPU
		{20290456-E7CD-4B44-ACEA-A9F4B5B55367}.Release|Any CPU.ActiveCfg = Release|Any CPU
		{20290456-E7CD-4B44-ACEA-A9F4B5B55367}.Release|Any CPU.Build.0 = Release|Any CPU
		{20290456-E7CD-4B44-ACEA-A9F4B5B55367}.Release|x86.ActiveCfg = Release|Any CPU
		{20290456-E7CD-4B44-ACEA-A9F4B5B55367}.Release|x86.Build.0 = Release|Any CPU
		{20290456-E7CD-4B44-ACEA-A9F4B5B55367}.Test|Any CPU.ActiveCfg = Release|Any CPU
		{20290456-E7CD-4B44-ACEA-A9F4B5B55367}.Test|Any CPU.Build.0 = Release|Any CPU
		{20290456-E7CD-4B44-ACEA-A9F4B5B55367}.Test|x86.ActiveCfg = Release|Any CPU
		{20290456-E7CD-4B44-ACEA-A9F4B5B55367}.Test|x86.Build.0 = Release|Any CPU
		{D3D354E1-919F-4135-9496-ACD2C39806D3}.Debug Staging|Any CPU.ActiveCfg = Debug|Any CPU
		{D3D354E1-919F-4135-9496-ACD2C39806D3}.Debug Staging|Any CPU.Build.0 = Debug|Any CPU
		{D3D354E1-919F-4135-9496-ACD2C39806D3}.Debug Staging|x86.ActiveCfg = Debug|Any CPU
		{D3D354E1-919F-4135-9496-ACD2C39806D3}.Debug Staging|x86.Build.0 = Debug|Any CPU
		{D3D354E1-919F-4135-9496-ACD2C39806D3}.Debug|Any CPU.ActiveCfg = Debug|Any CPU
		{D3D354E1-919F-4135-9496-ACD2C39806D3}.Debug|Any CPU.Build.0 = Debug|Any CPU
		{D3D354E1-919F-4135-9496-ACD2C39806D3}.Debug|x86.ActiveCfg = Debug|Any CPU
		{D3D354E1-919F-4135-9496-ACD2C39806D3}.Debug|x86.Build.0 = Debug|Any CPU
		{D3D354E1-919F-4135-9496-ACD2C39806D3}.Release|Any CPU.ActiveCfg = Release|Any CPU
		{D3D354E1-919F-4135-9496-ACD2C39806D3}.Release|Any CPU.Build.0 = Release|Any CPU
		{D3D354E1-919F-4135-9496-ACD2C39806D3}.Release|x86.ActiveCfg = Release|Any CPU
		{D3D354E1-919F-4135-9496-ACD2C39806D3}.Release|x86.Build.0 = Release|Any CPU
		{D3D354E1-919F-4135-9496-ACD2C39806D3}.Test|Any CPU.ActiveCfg = Release|Any CPU
		{D3D354E1-919F-4135-9496-ACD2C39806D3}.Test|Any CPU.Build.0 = Release|Any CPU
		{D3D354E1-919F-4135-9496-ACD2C39806D3}.Test|x86.ActiveCfg = Release|Any CPU
		{D3D354E1-919F-4135-9496-ACD2C39806D3}.Test|x86.Build.0 = Release|Any CPU
		{8CACA11D-F26B-4D9A-8FDD-4CAE9133813E}.Debug Staging|Any CPU.ActiveCfg = Debug|Any CPU
		{8CACA11D-F26B-4D9A-8FDD-4CAE9133813E}.Debug Staging|Any CPU.Build.0 = Debug|Any CPU
		{8CACA11D-F26B-4D9A-8FDD-4CAE9133813E}.Debug Staging|x86.ActiveCfg = Debug|Any CPU
		{8CACA11D-F26B-4D9A-8FDD-4CAE9133813E}.Debug Staging|x86.Build.0 = Debug|Any CPU
		{8CACA11D-F26B-4D9A-8FDD-4CAE9133813E}.Debug|Any CPU.ActiveCfg = Debug|Any CPU
		{8CACA11D-F26B-4D9A-8FDD-4CAE9133813E}.Debug|Any CPU.Build.0 = Debug|Any CPU
		{8CACA11D-F26B-4D9A-8FDD-4CAE9133813E}.Debug|x86.ActiveCfg = Debug|Any CPU
		{8CACA11D-F26B-4D9A-8FDD-4CAE9133813E}.Debug|x86.Build.0 = Debug|Any CPU
		{8CACA11D-F26B-4D9A-8FDD-4CAE9133813E}.Release|Any CPU.ActiveCfg = Release|Any CPU
		{8CACA11D-F26B-4D9A-8FDD-4CAE9133813E}.Release|Any CPU.Build.0 = Release|Any CPU
		{8CACA11D-F26B-4D9A-8FDD-4CAE9133813E}.Release|x86.ActiveCfg = Release|Any CPU
		{8CACA11D-F26B-4D9A-8FDD-4CAE9133813E}.Release|x86.Build.0 = Release|Any CPU
		{8CACA11D-F26B-4D9A-8FDD-4CAE9133813E}.Test|Any CPU.ActiveCfg = Release|Any CPU
		{8CACA11D-F26B-4D9A-8FDD-4CAE9133813E}.Test|Any CPU.Build.0 = Release|Any CPU
		{8CACA11D-F26B-4D9A-8FDD-4CAE9133813E}.Test|x86.ActiveCfg = Release|Any CPU
		{8CACA11D-F26B-4D9A-8FDD-4CAE9133813E}.Test|x86.Build.0 = Release|Any CPU
		{F711C10C-1E23-4EE2-8C26-4524D7D468F1}.Debug Staging|Any CPU.ActiveCfg = Debug|Any CPU
		{F711C10C-1E23-4EE2-8C26-4524D7D468F1}.Debug Staging|Any CPU.Build.0 = Debug|Any CPU
		{F711C10C-1E23-4EE2-8C26-4524D7D468F1}.Debug Staging|x86.ActiveCfg = Debug|Any CPU
		{F711C10C-1E23-4EE2-8C26-4524D7D468F1}.Debug Staging|x86.Build.0 = Debug|Any CPU
		{F711C10C-1E23-4EE2-8C26-4524D7D468F1}.Debug|Any CPU.ActiveCfg = Debug|Any CPU
		{F711C10C-1E23-4EE2-8C26-4524D7D468F1}.Debug|Any CPU.Build.0 = Debug|Any CPU
		{F711C10C-1E23-4EE2-8C26-4524D7D468F1}.Debug|x86.ActiveCfg = Debug|Any CPU
		{F711C10C-1E23-4EE2-8C26-4524D7D468F1}.Debug|x86.Build.0 = Debug|Any CPU
		{F711C10C-1E23-4EE2-8C26-4524D7D468F1}.Release|Any CPU.ActiveCfg = Release|Any CPU
		{F711C10C-1E23-4EE2-8C26-4524D7D468F1}.Release|Any CPU.Build.0 = Release|Any CPU
		{F711C10C-1E23-4EE2-8C26-4524D7D468F1}.Release|x86.ActiveCfg = Release|Any CPU
		{F711C10C-1E23-4EE2-8C26-4524D7D468F1}.Release|x86.Build.0 = Release|Any CPU
		{F711C10C-1E23-4EE2-8C26-4524D7D468F1}.Test|Any CPU.ActiveCfg = Release|Any CPU
		{F711C10C-1E23-4EE2-8C26-4524D7D468F1}.Test|Any CPU.Build.0 = Release|Any CPU
		{F711C10C-1E23-4EE2-8C26-4524D7D468F1}.Test|x86.ActiveCfg = Release|Any CPU
		{F711C10C-1E23-4EE2-8C26-4524D7D468F1}.Test|x86.Build.0 = Release|Any CPU
		{C048FE9D-CE82-456B-933F-51DD5D7318F0}.Debug Staging|Any CPU.ActiveCfg = Debug|Any CPU
		{C048FE9D-CE82-456B-933F-51DD5D7318F0}.Debug Staging|Any CPU.Build.0 = Debug|Any CPU
		{C048FE9D-CE82-456B-933F-51DD5D7318F0}.Debug Staging|x86.ActiveCfg = Debug|Any CPU
		{C048FE9D-CE82-456B-933F-51DD5D7318F0}.Debug Staging|x86.Build.0 = Debug|Any CPU
		{C048FE9D-CE82-456B-933F-51DD5D7318F0}.Debug|Any CPU.ActiveCfg = Debug|Any CPU
		{C048FE9D-CE82-456B-933F-51DD5D7318F0}.Debug|Any CPU.Build.0 = Debug|Any CPU
		{C048FE9D-CE82-456B-933F-51DD5D7318F0}.Debug|x86.ActiveCfg = Debug|Any CPU
		{C048FE9D-CE82-456B-933F-51DD5D7318F0}.Debug|x86.Build.0 = Debug|Any CPU
		{C048FE9D-CE82-456B-933F-51DD5D7318F0}.Release|Any CPU.ActiveCfg = Release|Any CPU
		{C048FE9D-CE82-456B-933F-51DD5D7318F0}.Release|Any CPU.Build.0 = Release|Any CPU
		{C048FE9D-CE82-456B-933F-51DD5D7318F0}.Release|x86.ActiveCfg = Release|Any CPU
		{C048FE9D-CE82-456B-933F-51DD5D7318F0}.Release|x86.Build.0 = Release|Any CPU
		{C048FE9D-CE82-456B-933F-51DD5D7318F0}.Test|Any CPU.ActiveCfg = Release|Any CPU
		{C048FE9D-CE82-456B-933F-51DD5D7318F0}.Test|Any CPU.Build.0 = Release|Any CPU
		{C048FE9D-CE82-456B-933F-51DD5D7318F0}.Test|x86.ActiveCfg = Release|Any CPU
		{C048FE9D-CE82-456B-933F-51DD5D7318F0}.Test|x86.Build.0 = Release|Any CPU
		{8A5BB322-D0FD-4FC3-B2FA-4ED1ECCC089D}.Debug Staging|Any CPU.ActiveCfg = Debug|Any CPU
		{8A5BB322-D0FD-4FC3-B2FA-4ED1ECCC089D}.Debug Staging|Any CPU.Build.0 = Debug|Any CPU
		{8A5BB322-D0FD-4FC3-B2FA-4ED1ECCC089D}.Debug Staging|x86.ActiveCfg = Debug|Any CPU
		{8A5BB322-D0FD-4FC3-B2FA-4ED1ECCC089D}.Debug Staging|x86.Build.0 = Debug|Any CPU
		{8A5BB322-D0FD-4FC3-B2FA-4ED1ECCC089D}.Debug|Any CPU.ActiveCfg = Debug|Any CPU
		{8A5BB322-D0FD-4FC3-B2FA-4ED1ECCC089D}.Debug|Any CPU.Build.0 = Debug|Any CPU
		{8A5BB322-D0FD-4FC3-B2FA-4ED1ECCC089D}.Debug|x86.ActiveCfg = Debug|Any CPU
		{8A5BB322-D0FD-4FC3-B2FA-4ED1ECCC089D}.Debug|x86.Build.0 = Debug|Any CPU
		{8A5BB322-D0FD-4FC3-B2FA-4ED1ECCC089D}.Release|Any CPU.ActiveCfg = Release|Any CPU
		{8A5BB322-D0FD-4FC3-B2FA-4ED1ECCC089D}.Release|Any CPU.Build.0 = Release|Any CPU
		{8A5BB322-D0FD-4FC3-B2FA-4ED1ECCC089D}.Release|x86.ActiveCfg = Release|Any CPU
		{8A5BB322-D0FD-4FC3-B2FA-4ED1ECCC089D}.Release|x86.Build.0 = Release|Any CPU
		{8A5BB322-D0FD-4FC3-B2FA-4ED1ECCC089D}.Test|Any CPU.ActiveCfg = Release|Any CPU
		{8A5BB322-D0FD-4FC3-B2FA-4ED1ECCC089D}.Test|Any CPU.Build.0 = Release|Any CPU
		{8A5BB322-D0FD-4FC3-B2FA-4ED1ECCC089D}.Test|x86.ActiveCfg = Release|Any CPU
		{8A5BB322-D0FD-4FC3-B2FA-4ED1ECCC089D}.Test|x86.Build.0 = Release|Any CPU
		{A041945D-1251-4799-9E31-66EE924761AB}.Debug Staging|Any CPU.ActiveCfg = Debug|Any CPU
		{A041945D-1251-4799-9E31-66EE924761AB}.Debug Staging|Any CPU.Build.0 = Debug|Any CPU
		{A041945D-1251-4799-9E31-66EE924761AB}.Debug Staging|x86.ActiveCfg = Debug|Any CPU
		{A041945D-1251-4799-9E31-66EE924761AB}.Debug Staging|x86.Build.0 = Debug|Any CPU
		{A041945D-1251-4799-9E31-66EE924761AB}.Debug|Any CPU.ActiveCfg = Debug|Any CPU
		{A041945D-1251-4799-9E31-66EE924761AB}.Debug|Any CPU.Build.0 = Debug|Any CPU
		{A041945D-1251-4799-9E31-66EE924761AB}.Debug|x86.ActiveCfg = Debug|Any CPU
		{A041945D-1251-4799-9E31-66EE924761AB}.Debug|x86.Build.0 = Debug|Any CPU
		{A041945D-1251-4799-9E31-66EE924761AB}.Release|Any CPU.ActiveCfg = Release|Any CPU
		{A041945D-1251-4799-9E31-66EE924761AB}.Release|Any CPU.Build.0 = Release|Any CPU
		{A041945D-1251-4799-9E31-66EE924761AB}.Release|x86.ActiveCfg = Release|Any CPU
		{A041945D-1251-4799-9E31-66EE924761AB}.Release|x86.Build.0 = Release|Any CPU
		{A041945D-1251-4799-9E31-66EE924761AB}.Test|Any CPU.ActiveCfg = Release|Any CPU
		{A041945D-1251-4799-9E31-66EE924761AB}.Test|Any CPU.Build.0 = Release|Any CPU
		{A041945D-1251-4799-9E31-66EE924761AB}.Test|x86.ActiveCfg = Release|Any CPU
		{A041945D-1251-4799-9E31-66EE924761AB}.Test|x86.Build.0 = Release|Any CPU
		{956504FB-6CAE-4857-8802-D6C24336EC15}.Debug Staging|Any CPU.ActiveCfg = Debug|Any CPU
		{956504FB-6CAE-4857-8802-D6C24336EC15}.Debug Staging|Any CPU.Build.0 = Debug|Any CPU
		{956504FB-6CAE-4857-8802-D6C24336EC15}.Debug Staging|x86.ActiveCfg = Debug|Any CPU
		{956504FB-6CAE-4857-8802-D6C24336EC15}.Debug Staging|x86.Build.0 = Debug|Any CPU
		{956504FB-6CAE-4857-8802-D6C24336EC15}.Debug|Any CPU.ActiveCfg = Debug|Any CPU
		{956504FB-6CAE-4857-8802-D6C24336EC15}.Debug|Any CPU.Build.0 = Debug|Any CPU
		{956504FB-6CAE-4857-8802-D6C24336EC15}.Debug|x86.ActiveCfg = Debug|Any CPU
		{956504FB-6CAE-4857-8802-D6C24336EC15}.Debug|x86.Build.0 = Debug|Any CPU
		{956504FB-6CAE-4857-8802-D6C24336EC15}.Release|Any CPU.ActiveCfg = Release|Any CPU
		{956504FB-6CAE-4857-8802-D6C24336EC15}.Release|Any CPU.Build.0 = Release|Any CPU
		{956504FB-6CAE-4857-8802-D6C24336EC15}.Release|x86.ActiveCfg = Release|Any CPU
		{956504FB-6CAE-4857-8802-D6C24336EC15}.Release|x86.Build.0 = Release|Any CPU
		{956504FB-6CAE-4857-8802-D6C24336EC15}.Test|Any CPU.ActiveCfg = Release|Any CPU
		{956504FB-6CAE-4857-8802-D6C24336EC15}.Test|Any CPU.Build.0 = Release|Any CPU
		{956504FB-6CAE-4857-8802-D6C24336EC15}.Test|x86.ActiveCfg = Release|Any CPU
		{956504FB-6CAE-4857-8802-D6C24336EC15}.Test|x86.Build.0 = Release|Any CPU
		{D9525060-5D5C-4B28-A593-147D75F0680C}.Debug Staging|Any CPU.ActiveCfg = Debug|Any CPU
		{D9525060-5D5C-4B28-A593-147D75F0680C}.Debug Staging|Any CPU.Build.0 = Debug|Any CPU
		{D9525060-5D5C-4B28-A593-147D75F0680C}.Debug Staging|x86.ActiveCfg = Debug|Any CPU
		{D9525060-5D5C-4B28-A593-147D75F0680C}.Debug Staging|x86.Build.0 = Debug|Any CPU
		{D9525060-5D5C-4B28-A593-147D75F0680C}.Debug|Any CPU.ActiveCfg = Debug|Any CPU
		{D9525060-5D5C-4B28-A593-147D75F0680C}.Debug|Any CPU.Build.0 = Debug|Any CPU
		{D9525060-5D5C-4B28-A593-147D75F0680C}.Debug|x86.ActiveCfg = Debug|Any CPU
		{D9525060-5D5C-4B28-A593-147D75F0680C}.Debug|x86.Build.0 = Debug|Any CPU
		{D9525060-5D5C-4B28-A593-147D75F0680C}.Release|Any CPU.ActiveCfg = Release|Any CPU
		{D9525060-5D5C-4B28-A593-147D75F0680C}.Release|Any CPU.Build.0 = Release|Any CPU
		{D9525060-5D5C-4B28-A593-147D75F0680C}.Release|x86.ActiveCfg = Release|Any CPU
		{D9525060-5D5C-4B28-A593-147D75F0680C}.Release|x86.Build.0 = Release|Any CPU
		{D9525060-5D5C-4B28-A593-147D75F0680C}.Test|Any CPU.ActiveCfg = Release|Any CPU
		{D9525060-5D5C-4B28-A593-147D75F0680C}.Test|Any CPU.Build.0 = Release|Any CPU
		{D9525060-5D5C-4B28-A593-147D75F0680C}.Test|x86.ActiveCfg = Release|Any CPU
		{D9525060-5D5C-4B28-A593-147D75F0680C}.Test|x86.Build.0 = Release|Any CPU
		{F9E3D288-2AA7-48BA-B99B-4EAE4283AC34}.Debug Staging|Any CPU.ActiveCfg = Debug|Any CPU
		{F9E3D288-2AA7-48BA-B99B-4EAE4283AC34}.Debug Staging|Any CPU.Build.0 = Debug|Any CPU
		{F9E3D288-2AA7-48BA-B99B-4EAE4283AC34}.Debug Staging|x86.ActiveCfg = Debug|Any CPU
		{F9E3D288-2AA7-48BA-B99B-4EAE4283AC34}.Debug Staging|x86.Build.0 = Debug|Any CPU
		{F9E3D288-2AA7-48BA-B99B-4EAE4283AC34}.Debug|Any CPU.ActiveCfg = Debug|Any CPU
		{F9E3D288-2AA7-48BA-B99B-4EAE4283AC34}.Debug|Any CPU.Build.0 = Debug|Any CPU
		{F9E3D288-2AA7-48BA-B99B-4EAE4283AC34}.Debug|x86.ActiveCfg = Debug|Any CPU
		{F9E3D288-2AA7-48BA-B99B-4EAE4283AC34}.Debug|x86.Build.0 = Debug|Any CPU
		{F9E3D288-2AA7-48BA-B99B-4EAE4283AC34}.Release|Any CPU.ActiveCfg = Release|Any CPU
		{F9E3D288-2AA7-48BA-B99B-4EAE4283AC34}.Release|Any CPU.Build.0 = Release|Any CPU
		{F9E3D288-2AA7-48BA-B99B-4EAE4283AC34}.Release|x86.ActiveCfg = Release|Any CPU
		{F9E3D288-2AA7-48BA-B99B-4EAE4283AC34}.Release|x86.Build.0 = Release|Any CPU
		{F9E3D288-2AA7-48BA-B99B-4EAE4283AC34}.Test|Any CPU.ActiveCfg = Release|Any CPU
		{F9E3D288-2AA7-48BA-B99B-4EAE4283AC34}.Test|Any CPU.Build.0 = Release|Any CPU
		{F9E3D288-2AA7-48BA-B99B-4EAE4283AC34}.Test|x86.ActiveCfg = Release|Any CPU
		{F9E3D288-2AA7-48BA-B99B-4EAE4283AC34}.Test|x86.Build.0 = Release|Any CPU
		{0C58D0AE-6B3A-45B9-8D8F-69226EC2F5B8}.Debug Staging|Any CPU.ActiveCfg = Debug|Any CPU
		{0C58D0AE-6B3A-45B9-8D8F-69226EC2F5B8}.Debug Staging|Any CPU.Build.0 = Debug|Any CPU
		{0C58D0AE-6B3A-45B9-8D8F-69226EC2F5B8}.Debug Staging|x86.ActiveCfg = Debug|Any CPU
		{0C58D0AE-6B3A-45B9-8D8F-69226EC2F5B8}.Debug Staging|x86.Build.0 = Debug|Any CPU
		{0C58D0AE-6B3A-45B9-8D8F-69226EC2F5B8}.Debug|Any CPU.ActiveCfg = Debug|Any CPU
		{0C58D0AE-6B3A-45B9-8D8F-69226EC2F5B8}.Debug|Any CPU.Build.0 = Debug|Any CPU
		{0C58D0AE-6B3A-45B9-8D8F-69226EC2F5B8}.Debug|x86.ActiveCfg = Debug|Any CPU
		{0C58D0AE-6B3A-45B9-8D8F-69226EC2F5B8}.Debug|x86.Build.0 = Debug|Any CPU
		{0C58D0AE-6B3A-45B9-8D8F-69226EC2F5B8}.Release|Any CPU.ActiveCfg = Release|Any CPU
		{0C58D0AE-6B3A-45B9-8D8F-69226EC2F5B8}.Release|Any CPU.Build.0 = Release|Any CPU
		{0C58D0AE-6B3A-45B9-8D8F-69226EC2F5B8}.Release|x86.ActiveCfg = Release|Any CPU
		{0C58D0AE-6B3A-45B9-8D8F-69226EC2F5B8}.Release|x86.Build.0 = Release|Any CPU
		{0C58D0AE-6B3A-45B9-8D8F-69226EC2F5B8}.Test|Any CPU.ActiveCfg = Release|Any CPU
		{0C58D0AE-6B3A-45B9-8D8F-69226EC2F5B8}.Test|Any CPU.Build.0 = Release|Any CPU
		{0C58D0AE-6B3A-45B9-8D8F-69226EC2F5B8}.Test|x86.ActiveCfg = Release|Any CPU
		{0C58D0AE-6B3A-45B9-8D8F-69226EC2F5B8}.Test|x86.Build.0 = Release|Any CPU
		{B192ED09-12B2-4898-9622-6967A9158F78}.Debug Staging|Any CPU.ActiveCfg = Debug|Any CPU
		{B192ED09-12B2-4898-9622-6967A9158F78}.Debug Staging|Any CPU.Build.0 = Debug|Any CPU
		{B192ED09-12B2-4898-9622-6967A9158F78}.Debug Staging|x86.ActiveCfg = Debug|Any CPU
		{B192ED09-12B2-4898-9622-6967A9158F78}.Debug Staging|x86.Build.0 = Debug|Any CPU
		{B192ED09-12B2-4898-9622-6967A9158F78}.Debug|Any CPU.ActiveCfg = Debug|Any CPU
		{B192ED09-12B2-4898-9622-6967A9158F78}.Debug|Any CPU.Build.0 = Debug|Any CPU
		{B192ED09-12B2-4898-9622-6967A9158F78}.Debug|x86.ActiveCfg = Debug|Any CPU
		{B192ED09-12B2-4898-9622-6967A9158F78}.Debug|x86.Build.0 = Debug|Any CPU
		{B192ED09-12B2-4898-9622-6967A9158F78}.Release|Any CPU.ActiveCfg = Release|Any CPU
		{B192ED09-12B2-4898-9622-6967A9158F78}.Release|Any CPU.Build.0 = Release|Any CPU
		{B192ED09-12B2-4898-9622-6967A9158F78}.Release|x86.ActiveCfg = Release|Any CPU
		{B192ED09-12B2-4898-9622-6967A9158F78}.Release|x86.Build.0 = Release|Any CPU
		{B192ED09-12B2-4898-9622-6967A9158F78}.Test|Any CPU.ActiveCfg = Release|Any CPU
		{B192ED09-12B2-4898-9622-6967A9158F78}.Test|Any CPU.Build.0 = Release|Any CPU
		{B192ED09-12B2-4898-9622-6967A9158F78}.Test|x86.ActiveCfg = Release|Any CPU
		{B192ED09-12B2-4898-9622-6967A9158F78}.Test|x86.Build.0 = Release|Any CPU
		{14361088-C7FB-41DA-BA1F-7420D40E8A99}.Debug Staging|Any CPU.ActiveCfg = Debug|Any CPU
		{14361088-C7FB-41DA-BA1F-7420D40E8A99}.Debug Staging|Any CPU.Build.0 = Debug|Any CPU
		{14361088-C7FB-41DA-BA1F-7420D40E8A99}.Debug Staging|x86.ActiveCfg = Debug|Any CPU
		{14361088-C7FB-41DA-BA1F-7420D40E8A99}.Debug Staging|x86.Build.0 = Debug|Any CPU
		{14361088-C7FB-41DA-BA1F-7420D40E8A99}.Debug|Any CPU.ActiveCfg = Debug|Any CPU
		{14361088-C7FB-41DA-BA1F-7420D40E8A99}.Debug|Any CPU.Build.0 = Debug|Any CPU
		{14361088-C7FB-41DA-BA1F-7420D40E8A99}.Debug|x86.ActiveCfg = Debug|Any CPU
		{14361088-C7FB-41DA-BA1F-7420D40E8A99}.Debug|x86.Build.0 = Debug|Any CPU
		{14361088-C7FB-41DA-BA1F-7420D40E8A99}.Release|Any CPU.ActiveCfg = Release|Any CPU
		{14361088-C7FB-41DA-BA1F-7420D40E8A99}.Release|Any CPU.Build.0 = Release|Any CPU
		{14361088-C7FB-41DA-BA1F-7420D40E8A99}.Release|x86.ActiveCfg = Release|Any CPU
		{14361088-C7FB-41DA-BA1F-7420D40E8A99}.Release|x86.Build.0 = Release|Any CPU
		{14361088-C7FB-41DA-BA1F-7420D40E8A99}.Test|Any CPU.ActiveCfg = Release|Any CPU
		{14361088-C7FB-41DA-BA1F-7420D40E8A99}.Test|Any CPU.Build.0 = Release|Any CPU
		{14361088-C7FB-41DA-BA1F-7420D40E8A99}.Test|x86.ActiveCfg = Release|Any CPU
		{14361088-C7FB-41DA-BA1F-7420D40E8A99}.Test|x86.Build.0 = Release|Any CPU
		{E58AEEB7-EA2A-4BED-850A-357BB019E218}.Debug Staging|Any CPU.ActiveCfg = Debug|Any CPU
		{E58AEEB7-EA2A-4BED-850A-357BB019E218}.Debug Staging|Any CPU.Build.0 = Debug|Any CPU
		{E58AEEB7-EA2A-4BED-850A-357BB019E218}.Debug Staging|x86.ActiveCfg = Debug|Any CPU
		{E58AEEB7-EA2A-4BED-850A-357BB019E218}.Debug Staging|x86.Build.0 = Debug|Any CPU
		{E58AEEB7-EA2A-4BED-850A-357BB019E218}.Debug|Any CPU.ActiveCfg = Debug|Any CPU
		{E58AEEB7-EA2A-4BED-850A-357BB019E218}.Debug|Any CPU.Build.0 = Debug|Any CPU
		{E58AEEB7-EA2A-4BED-850A-357BB019E218}.Debug|x86.ActiveCfg = Debug|Any CPU
		{E58AEEB7-EA2A-4BED-850A-357BB019E218}.Debug|x86.Build.0 = Debug|Any CPU
		{E58AEEB7-EA2A-4BED-850A-357BB019E218}.Release|Any CPU.ActiveCfg = Release|Any CPU
		{E58AEEB7-EA2A-4BED-850A-357BB019E218}.Release|Any CPU.Build.0 = Release|Any CPU
		{E58AEEB7-EA2A-4BED-850A-357BB019E218}.Release|x86.ActiveCfg = Release|Any CPU
		{E58AEEB7-EA2A-4BED-850A-357BB019E218}.Release|x86.Build.0 = Release|Any CPU
		{E58AEEB7-EA2A-4BED-850A-357BB019E218}.Test|Any CPU.ActiveCfg = Release|Any CPU
		{E58AEEB7-EA2A-4BED-850A-357BB019E218}.Test|Any CPU.Build.0 = Release|Any CPU
		{E58AEEB7-EA2A-4BED-850A-357BB019E218}.Test|x86.ActiveCfg = Release|Any CPU
		{E58AEEB7-EA2A-4BED-850A-357BB019E218}.Test|x86.Build.0 = Release|Any CPU
		{7AA7DA2C-BE4F-4472-B929-37B8284987B3}.Debug Staging|Any CPU.ActiveCfg = Debug|Any CPU
		{7AA7DA2C-BE4F-4472-B929-37B8284987B3}.Debug Staging|Any CPU.Build.0 = Debug|Any CPU
		{7AA7DA2C-BE4F-4472-B929-37B8284987B3}.Debug Staging|x86.ActiveCfg = Debug|Any CPU
		{7AA7DA2C-BE4F-4472-B929-37B8284987B3}.Debug Staging|x86.Build.0 = Debug|Any CPU
		{7AA7DA2C-BE4F-4472-B929-37B8284987B3}.Debug|Any CPU.ActiveCfg = Debug|Any CPU
		{7AA7DA2C-BE4F-4472-B929-37B8284987B3}.Debug|Any CPU.Build.0 = Debug|Any CPU
		{7AA7DA2C-BE4F-4472-B929-37B8284987B3}.Debug|x86.ActiveCfg = Debug|Any CPU
		{7AA7DA2C-BE4F-4472-B929-37B8284987B3}.Debug|x86.Build.0 = Debug|Any CPU
		{7AA7DA2C-BE4F-4472-B929-37B8284987B3}.Release|Any CPU.ActiveCfg = Release|Any CPU
		{7AA7DA2C-BE4F-4472-B929-37B8284987B3}.Release|Any CPU.Build.0 = Release|Any CPU
		{7AA7DA2C-BE4F-4472-B929-37B8284987B3}.Release|x86.ActiveCfg = Release|Any CPU
		{7AA7DA2C-BE4F-4472-B929-37B8284987B3}.Release|x86.Build.0 = Release|Any CPU
		{7AA7DA2C-BE4F-4472-B929-37B8284987B3}.Test|Any CPU.ActiveCfg = Release|Any CPU
		{7AA7DA2C-BE4F-4472-B929-37B8284987B3}.Test|Any CPU.Build.0 = Release|Any CPU
		{7AA7DA2C-BE4F-4472-B929-37B8284987B3}.Test|x86.ActiveCfg = Release|Any CPU
		{7AA7DA2C-BE4F-4472-B929-37B8284987B3}.Test|x86.Build.0 = Release|Any CPU
		{E649BADD-E3DC-4DCE-A7C7-BBB2612255EF}.Debug Staging|Any CPU.ActiveCfg = Debug|Any CPU
		{E649BADD-E3DC-4DCE-A7C7-BBB2612255EF}.Debug Staging|Any CPU.Build.0 = Debug|Any CPU
		{E649BADD-E3DC-4DCE-A7C7-BBB2612255EF}.Debug Staging|x86.ActiveCfg = Debug|Any CPU
		{E649BADD-E3DC-4DCE-A7C7-BBB2612255EF}.Debug Staging|x86.Build.0 = Debug|Any CPU
		{E649BADD-E3DC-4DCE-A7C7-BBB2612255EF}.Debug|Any CPU.ActiveCfg = Debug|Any CPU
		{E649BADD-E3DC-4DCE-A7C7-BBB2612255EF}.Debug|Any CPU.Build.0 = Debug|Any CPU
		{E649BADD-E3DC-4DCE-A7C7-BBB2612255EF}.Debug|x86.ActiveCfg = Debug|Any CPU
		{E649BADD-E3DC-4DCE-A7C7-BBB2612255EF}.Debug|x86.Build.0 = Debug|Any CPU
		{E649BADD-E3DC-4DCE-A7C7-BBB2612255EF}.Release|Any CPU.ActiveCfg = Release|Any CPU
		{E649BADD-E3DC-4DCE-A7C7-BBB2612255EF}.Release|Any CPU.Build.0 = Release|Any CPU
		{E649BADD-E3DC-4DCE-A7C7-BBB2612255EF}.Release|x86.ActiveCfg = Release|Any CPU
		{E649BADD-E3DC-4DCE-A7C7-BBB2612255EF}.Release|x86.Build.0 = Release|Any CPU
		{E649BADD-E3DC-4DCE-A7C7-BBB2612255EF}.Test|Any CPU.ActiveCfg = Release|Any CPU
		{E649BADD-E3DC-4DCE-A7C7-BBB2612255EF}.Test|Any CPU.Build.0 = Release|Any CPU
		{E649BADD-E3DC-4DCE-A7C7-BBB2612255EF}.Test|x86.ActiveCfg = Release|Any CPU
		{E649BADD-E3DC-4DCE-A7C7-BBB2612255EF}.Test|x86.Build.0 = Release|Any CPU
		{FEDE9EBC-C0A2-49C7-A780-4A44544508B8}.Debug Staging|Any CPU.ActiveCfg = Debug|Any CPU
		{FEDE9EBC-C0A2-49C7-A780-4A44544508B8}.Debug Staging|Any CPU.Build.0 = Debug|Any CPU
		{FEDE9EBC-C0A2-49C7-A780-4A44544508B8}.Debug Staging|x86.ActiveCfg = Debug|Any CPU
		{FEDE9EBC-C0A2-49C7-A780-4A44544508B8}.Debug Staging|x86.Build.0 = Debug|Any CPU
		{FEDE9EBC-C0A2-49C7-A780-4A44544508B8}.Debug|Any CPU.ActiveCfg = Debug|Any CPU
		{FEDE9EBC-C0A2-49C7-A780-4A44544508B8}.Debug|Any CPU.Build.0 = Debug|Any CPU
		{FEDE9EBC-C0A2-49C7-A780-4A44544508B8}.Debug|x86.ActiveCfg = Debug|Any CPU
		{FEDE9EBC-C0A2-49C7-A780-4A44544508B8}.Debug|x86.Build.0 = Debug|Any CPU
		{FEDE9EBC-C0A2-49C7-A780-4A44544508B8}.Release|Any CPU.ActiveCfg = Release|Any CPU
		{FEDE9EBC-C0A2-49C7-A780-4A44544508B8}.Release|Any CPU.Build.0 = Release|Any CPU
		{FEDE9EBC-C0A2-49C7-A780-4A44544508B8}.Release|x86.ActiveCfg = Release|Any CPU
		{FEDE9EBC-C0A2-49C7-A780-4A44544508B8}.Release|x86.Build.0 = Release|Any CPU
		{FEDE9EBC-C0A2-49C7-A780-4A44544508B8}.Test|Any CPU.ActiveCfg = Release|Any CPU
		{FEDE9EBC-C0A2-49C7-A780-4A44544508B8}.Test|Any CPU.Build.0 = Release|Any CPU
		{FEDE9EBC-C0A2-49C7-A780-4A44544508B8}.Test|x86.ActiveCfg = Release|Any CPU
		{FEDE9EBC-C0A2-49C7-A780-4A44544508B8}.Test|x86.Build.0 = Release|Any CPU
		{6580BD2F-3745-4C20-996E-1B12FFC7B242}.Debug Staging|Any CPU.ActiveCfg = Debug|Any CPU
		{6580BD2F-3745-4C20-996E-1B12FFC7B242}.Debug Staging|Any CPU.Build.0 = Debug|Any CPU
		{6580BD2F-3745-4C20-996E-1B12FFC7B242}.Debug Staging|x86.ActiveCfg = Debug|Any CPU
		{6580BD2F-3745-4C20-996E-1B12FFC7B242}.Debug Staging|x86.Build.0 = Debug|Any CPU
		{6580BD2F-3745-4C20-996E-1B12FFC7B242}.Debug|Any CPU.ActiveCfg = Debug|Any CPU
		{6580BD2F-3745-4C20-996E-1B12FFC7B242}.Debug|Any CPU.Build.0 = Debug|Any CPU
		{6580BD2F-3745-4C20-996E-1B12FFC7B242}.Debug|x86.ActiveCfg = Debug|Any CPU
		{6580BD2F-3745-4C20-996E-1B12FFC7B242}.Debug|x86.Build.0 = Debug|Any CPU
		{6580BD2F-3745-4C20-996E-1B12FFC7B242}.Release|Any CPU.ActiveCfg = Release|Any CPU
		{6580BD2F-3745-4C20-996E-1B12FFC7B242}.Release|Any CPU.Build.0 = Release|Any CPU
		{6580BD2F-3745-4C20-996E-1B12FFC7B242}.Release|x86.ActiveCfg = Release|Any CPU
		{6580BD2F-3745-4C20-996E-1B12FFC7B242}.Release|x86.Build.0 = Release|Any CPU
		{6580BD2F-3745-4C20-996E-1B12FFC7B242}.Test|Any CPU.ActiveCfg = Release|Any CPU
		{6580BD2F-3745-4C20-996E-1B12FFC7B242}.Test|Any CPU.Build.0 = Release|Any CPU
		{6580BD2F-3745-4C20-996E-1B12FFC7B242}.Test|x86.ActiveCfg = Release|Any CPU
		{6580BD2F-3745-4C20-996E-1B12FFC7B242}.Test|x86.Build.0 = Release|Any CPU
		{A76A5640-CAFD-4F80-9CC8-DD136618FBCB}.Debug Staging|Any CPU.ActiveCfg = Debug|Any CPU
		{A76A5640-CAFD-4F80-9CC8-DD136618FBCB}.Debug Staging|Any CPU.Build.0 = Debug|Any CPU
		{A76A5640-CAFD-4F80-9CC8-DD136618FBCB}.Debug Staging|x86.ActiveCfg = Debug|Any CPU
		{A76A5640-CAFD-4F80-9CC8-DD136618FBCB}.Debug Staging|x86.Build.0 = Debug|Any CPU
		{A76A5640-CAFD-4F80-9CC8-DD136618FBCB}.Debug|Any CPU.ActiveCfg = Debug|Any CPU
		{A76A5640-CAFD-4F80-9CC8-DD136618FBCB}.Debug|Any CPU.Build.0 = Debug|Any CPU
		{A76A5640-CAFD-4F80-9CC8-DD136618FBCB}.Debug|x86.ActiveCfg = Debug|Any CPU
		{A76A5640-CAFD-4F80-9CC8-DD136618FBCB}.Debug|x86.Build.0 = Debug|Any CPU
		{A76A5640-CAFD-4F80-9CC8-DD136618FBCB}.Release|Any CPU.ActiveCfg = Release|Any CPU
		{A76A5640-CAFD-4F80-9CC8-DD136618FBCB}.Release|Any CPU.Build.0 = Release|Any CPU
		{A76A5640-CAFD-4F80-9CC8-DD136618FBCB}.Release|x86.ActiveCfg = Release|Any CPU
		{A76A5640-CAFD-4F80-9CC8-DD136618FBCB}.Release|x86.Build.0 = Release|Any CPU
		{A76A5640-CAFD-4F80-9CC8-DD136618FBCB}.Test|Any CPU.ActiveCfg = Release|Any CPU
		{A76A5640-CAFD-4F80-9CC8-DD136618FBCB}.Test|Any CPU.Build.0 = Release|Any CPU
		{A76A5640-CAFD-4F80-9CC8-DD136618FBCB}.Test|x86.ActiveCfg = Release|Any CPU
		{A76A5640-CAFD-4F80-9CC8-DD136618FBCB}.Test|x86.Build.0 = Release|Any CPU
		{D94020B4-8CB9-4E1E-9211-5780E74676B7}.Debug Staging|Any CPU.ActiveCfg = Debug|Any CPU
		{D94020B4-8CB9-4E1E-9211-5780E74676B7}.Debug Staging|Any CPU.Build.0 = Debug|Any CPU
		{D94020B4-8CB9-4E1E-9211-5780E74676B7}.Debug Staging|x86.ActiveCfg = Debug|Any CPU
		{D94020B4-8CB9-4E1E-9211-5780E74676B7}.Debug Staging|x86.Build.0 = Debug|Any CPU
		{D94020B4-8CB9-4E1E-9211-5780E74676B7}.Debug|Any CPU.ActiveCfg = Debug|Any CPU
		{D94020B4-8CB9-4E1E-9211-5780E74676B7}.Debug|Any CPU.Build.0 = Debug|Any CPU
		{D94020B4-8CB9-4E1E-9211-5780E74676B7}.Debug|x86.ActiveCfg = Debug|Any CPU
		{D94020B4-8CB9-4E1E-9211-5780E74676B7}.Debug|x86.Build.0 = Debug|Any CPU
		{D94020B4-8CB9-4E1E-9211-5780E74676B7}.Release|Any CPU.ActiveCfg = Release|Any CPU
		{D94020B4-8CB9-4E1E-9211-5780E74676B7}.Release|Any CPU.Build.0 = Release|Any CPU
		{D94020B4-8CB9-4E1E-9211-5780E74676B7}.Release|x86.ActiveCfg = Release|Any CPU
		{D94020B4-8CB9-4E1E-9211-5780E74676B7}.Release|x86.Build.0 = Release|Any CPU
		{D94020B4-8CB9-4E1E-9211-5780E74676B7}.Test|Any CPU.ActiveCfg = Release|Any CPU
		{D94020B4-8CB9-4E1E-9211-5780E74676B7}.Test|Any CPU.Build.0 = Release|Any CPU
		{D94020B4-8CB9-4E1E-9211-5780E74676B7}.Test|x86.ActiveCfg = Release|Any CPU
		{D94020B4-8CB9-4E1E-9211-5780E74676B7}.Test|x86.Build.0 = Release|Any CPU
		{809F10CD-988D-475A-8D5A-7FD17938053E}.Debug Staging|Any CPU.ActiveCfg = Debug|Any CPU
		{809F10CD-988D-475A-8D5A-7FD17938053E}.Debug Staging|Any CPU.Build.0 = Debug|Any CPU
		{809F10CD-988D-475A-8D5A-7FD17938053E}.Debug Staging|x86.ActiveCfg = Debug|Any CPU
		{809F10CD-988D-475A-8D5A-7FD17938053E}.Debug Staging|x86.Build.0 = Debug|Any CPU
		{809F10CD-988D-475A-8D5A-7FD17938053E}.Debug|Any CPU.ActiveCfg = Debug|Any CPU
		{809F10CD-988D-475A-8D5A-7FD17938053E}.Debug|Any CPU.Build.0 = Debug|Any CPU
		{809F10CD-988D-475A-8D5A-7FD17938053E}.Debug|x86.ActiveCfg = Debug|Any CPU
		{809F10CD-988D-475A-8D5A-7FD17938053E}.Debug|x86.Build.0 = Debug|Any CPU
		{809F10CD-988D-475A-8D5A-7FD17938053E}.Release|Any CPU.ActiveCfg = Release|Any CPU
		{809F10CD-988D-475A-8D5A-7FD17938053E}.Release|Any CPU.Build.0 = Release|Any CPU
		{809F10CD-988D-475A-8D5A-7FD17938053E}.Release|x86.ActiveCfg = Release|Any CPU
		{809F10CD-988D-475A-8D5A-7FD17938053E}.Release|x86.Build.0 = Release|Any CPU
		{809F10CD-988D-475A-8D5A-7FD17938053E}.Test|Any CPU.ActiveCfg = Release|Any CPU
		{809F10CD-988D-475A-8D5A-7FD17938053E}.Test|Any CPU.Build.0 = Release|Any CPU
		{809F10CD-988D-475A-8D5A-7FD17938053E}.Test|x86.ActiveCfg = Release|Any CPU
		{809F10CD-988D-475A-8D5A-7FD17938053E}.Test|x86.Build.0 = Release|Any CPU
		{15F23CBC-F6A0-4813-8C82-C2706E899C96}.Debug Staging|Any CPU.ActiveCfg = Debug|Any CPU
		{15F23CBC-F6A0-4813-8C82-C2706E899C96}.Debug Staging|Any CPU.Build.0 = Debug|Any CPU
		{15F23CBC-F6A0-4813-8C82-C2706E899C96}.Debug Staging|x86.ActiveCfg = Debug|Any CPU
		{15F23CBC-F6A0-4813-8C82-C2706E899C96}.Debug Staging|x86.Build.0 = Debug|Any CPU
		{15F23CBC-F6A0-4813-8C82-C2706E899C96}.Debug|Any CPU.ActiveCfg = Debug|Any CPU
		{15F23CBC-F6A0-4813-8C82-C2706E899C96}.Debug|Any CPU.Build.0 = Debug|Any CPU
		{15F23CBC-F6A0-4813-8C82-C2706E899C96}.Debug|x86.ActiveCfg = Debug|Any CPU
		{15F23CBC-F6A0-4813-8C82-C2706E899C96}.Debug|x86.Build.0 = Debug|Any CPU
		{15F23CBC-F6A0-4813-8C82-C2706E899C96}.Release|Any CPU.ActiveCfg = Release|Any CPU
		{15F23CBC-F6A0-4813-8C82-C2706E899C96}.Release|Any CPU.Build.0 = Release|Any CPU
		{15F23CBC-F6A0-4813-8C82-C2706E899C96}.Release|x86.ActiveCfg = Release|Any CPU
		{15F23CBC-F6A0-4813-8C82-C2706E899C96}.Release|x86.Build.0 = Release|Any CPU
		{15F23CBC-F6A0-4813-8C82-C2706E899C96}.Test|Any CPU.ActiveCfg = Release|Any CPU
		{15F23CBC-F6A0-4813-8C82-C2706E899C96}.Test|Any CPU.Build.0 = Release|Any CPU
		{15F23CBC-F6A0-4813-8C82-C2706E899C96}.Test|x86.ActiveCfg = Release|Any CPU
		{15F23CBC-F6A0-4813-8C82-C2706E899C96}.Test|x86.Build.0 = Release|Any CPU
	EndGlobalSection
	GlobalSection(SolutionProperties) = preSolution
		HideSolutionNode = FALSE
	EndGlobalSection
	GlobalSection(NestedProjects) = preSolution
		{53EDBB19-D2AB-4F06-B830-15CEFB50CF2C} = {10FB421A-9FD0-4C67-BCB7-79409926533D}
		{83C185F7-79EC-47A3-98DA-07A00DFF1B42} = {5F569806-CD48-49F7-A5E9-285BACEF1CD1}
		{69CFCB4F-5E81-4DAE-ADFE-D94E63989C1C} = {10FB421A-9FD0-4C67-BCB7-79409926533D}
		{A3556BC0-A306-4E26-85F2-37013E09D283} = {62CDFF8C-090F-4066-8933-6E663C158D52}
		{80C8F542-5BC1-4BBE-9C5A-0E0CA244A3F0} = {62CDFF8C-090F-4066-8933-6E663C158D52}
		{33427535-B280-4504-B1CE-02E14C086D1E} = {30890E9A-47CB-4724-9382-1AC3825028D4}
		{49CB7023-7511-41AB-8E00-91CB98667895} = {30890E9A-47CB-4724-9382-1AC3825028D4}
		{AC8C7390-6947-48EF-A717-5FDFCA799158} = {30890E9A-47CB-4724-9382-1AC3825028D4}
		{5A250859-12A8-4F9F-8A76-41BB1CB1E082} = {F603012F-9B8E-4E3D-AC1F-F98C495E3944}
		{B7406381-1D29-4E9B-851E-D086C29C34E4} = {5F569806-CD48-49F7-A5E9-285BACEF1CD1}
		{C932F21F-0324-43EE-BBD2-CA7F0E9526C0} = {5F569806-CD48-49F7-A5E9-285BACEF1CD1}
		{131B6A51-5385-4FEE-9E91-2911C936D200} = {62CDFF8C-090F-4066-8933-6E663C158D52}
		{8E91E487-AB3C-4160-A4BE-18E442664AA5} = {10FB421A-9FD0-4C67-BCB7-79409926533D}
		{1E5D42D2-CB1F-4450-8B47-8FA8EB12C92A} = {10FB421A-9FD0-4C67-BCB7-79409926533D}
		{20290456-E7CD-4B44-ACEA-A9F4B5B55367} = {30890E9A-47CB-4724-9382-1AC3825028D4}
		{D3D354E1-919F-4135-9496-ACD2C39806D3} = {62CDFF8C-090F-4066-8933-6E663C158D52}
		{8CACA11D-F26B-4D9A-8FDD-4CAE9133813E} = {F603012F-9B8E-4E3D-AC1F-F98C495E3944}
		{F711C10C-1E23-4EE2-8C26-4524D7D468F1} = {F603012F-9B8E-4E3D-AC1F-F98C495E3944}
		{C048FE9D-CE82-456B-933F-51DD5D7318F0} = {F603012F-9B8E-4E3D-AC1F-F98C495E3944}
		{8A5BB322-D0FD-4FC3-B2FA-4ED1ECCC089D} = {F603012F-9B8E-4E3D-AC1F-F98C495E3944}
		{A041945D-1251-4799-9E31-66EE924761AB} = {30890E9A-47CB-4724-9382-1AC3825028D4}
		{956504FB-6CAE-4857-8802-D6C24336EC15} = {10FB421A-9FD0-4C67-BCB7-79409926533D}
		{D9525060-5D5C-4B28-A593-147D75F0680C} = {5F569806-CD48-49F7-A5E9-285BACEF1CD1}
		{F9E3D288-2AA7-48BA-B99B-4EAE4283AC34} = {10FB421A-9FD0-4C67-BCB7-79409926533D}
		{0C58D0AE-6B3A-45B9-8D8F-69226EC2F5B8} = {10FB421A-9FD0-4C67-BCB7-79409926533D}
		{B192ED09-12B2-4898-9622-6967A9158F78} = {EEE093F1-33CD-445B-B311-FA04166D4B23}
		{14361088-C7FB-41DA-BA1F-7420D40E8A99} = {F603012F-9B8E-4E3D-AC1F-F98C495E3944}
		{E58AEEB7-EA2A-4BED-850A-357BB019E218} = {F603012F-9B8E-4E3D-AC1F-F98C495E3944}
		{7AA7DA2C-BE4F-4472-B929-37B8284987B3} = {30890E9A-47CB-4724-9382-1AC3825028D4}
		{E649BADD-E3DC-4DCE-A7C7-BBB2612255EF} = {F603012F-9B8E-4E3D-AC1F-F98C495E3944}
		{FEDE9EBC-C0A2-49C7-A780-4A44544508B8} = {30890E9A-47CB-4724-9382-1AC3825028D4}
		{6580BD2F-3745-4C20-996E-1B12FFC7B242} = {10FB421A-9FD0-4C67-BCB7-79409926533D}
		{A76A5640-CAFD-4F80-9CC8-DD136618FBCB} = {F603012F-9B8E-4E3D-AC1F-F98C495E3944}
		{D94020B4-8CB9-4E1E-9211-5780E74676B7} = {F603012F-9B8E-4E3D-AC1F-F98C495E3944}
		{809F10CD-988D-475A-8D5A-7FD17938053E} = {30890E9A-47CB-4724-9382-1AC3825028D4}
		{15F23CBC-F6A0-4813-8C82-C2706E899C96} = {F603012F-9B8E-4E3D-AC1F-F98C495E3944}
	EndGlobalSection
EndGlobal
